{
  "object": {
    "pins": [
      {
        "package": "leaf",
        "repositoryURL": "https://github.com/vapor/leaf.git",
        "state": {
          "branch": null,
          "revision": "9e8682841137a82bb95bfb03c5df1ce718be7f89",
          "version": "4.1.0"
        }
      },
      {
        "package": "swift-tools-support-core",
        "repositoryURL": "https://github.com/apple/swift-tools-support-core.git",
        "state": {
          "branch": null,
          "revision": "ab6339b6a33b69886b3cf2254d3326eddfe58eb0",
          "version": "0.2.2"
        }
      },
      {
        "package": "vapor",
        "repositoryURL": "https://github.com/vapor/vapor.git",
        "state": {
          "branch": null,
          "revision": "4ba5c2d2112005e4a07cedb43ec52b47175d67ce",
          "version": "4.41.3"
        }
      }
    ]
  },
  "version": 1
}
