{
  "object": {
    "pins": [
      {
        "package": "CryptoSwift",
        "repositoryURL": "https://github.com/krzyzanowskim/CryptoSwift.git",
        "state": {
          "branch": null,
          "revision": "526d5e91569b30857d8def9ea22ad7265b70d238",
          "version": "0.9.0"
        }
      },
      {
        "package": "RxSwift",
        "repositoryURL": "https://github.com/ReactiveX/RxSwift.git",
        "state": {
          "branch": null,
          "revision": "3e848781c7756accced855a6317a4c2ff5e8588b",
          "version": "4.1.2"
        }
      },
      {
        "package": "SwiftyMath",
        "repositoryURL": "https://github.com/taketo1024/SwiftyMath.git",
        "state": {
          "branch": null,
          "revision": "8a70d3920b45222faf6b05ddfc926df24f2ae228",
          "version": null
        }
      }
    ]
  },
  "version": 1
}
